
Microsoft Visual Studio Solution File, Format Version 12.00
# Visual Studio Version 17
VisualStudioVersion = 17.11.35208.52
MinimumVisualStudioVersion = 10.0.40219.1
Project("{8BC9CEB8-8B4A-11D0-8D11-00A0C91BC942}") = "LuminApp", "LuminApp\LuminApp.vcxproj", "{1776DE98-EE0C-47FA-BB6F-B50AA4C3A2D0}"
EndProject
Global
	GlobalSection(SolutionConfigurationPlatforms) = preSolution
		Debug|ARM64 = Debug|ARM64
		Debug|x64 = Debug|x64
		Debug|x86 = Debug|x86
		Release|ARM64 = Release|ARM64
		Release|x64 = Release|x64
		Release|x86 = Release|x86
	EndGlobalSection
	GlobalSection(ProjectConfigurationPlatforms) = postSolution
		{1776DE98-EE0C-47FA-BB6F-B50AA4C3A2D0}.Debug|ARM64.ActiveCfg = Debug|ARM64
		{1776DE98-EE0C-47FA-BB6F-B50AA4C3A2D0}.Debug|ARM64.Build.0 = Debug|ARM64
		{1776DE98-EE0C-47FA-BB6F-B50AA4C3A2D0}.Debug|ARM64.Deploy.0 = Debug|ARM64
		{1776DE98-EE0C-47FA-BB6F-B50AA4C3A2D0}.Debug|x64.ActiveCfg = Debug|x64
		{1776DE98-EE0C-47FA-BB6F-B50AA4C3A2D0}.Debug|x64.Build.0 = Debug|x64
		{1776DE98-EE0C-47FA-BB6F-B50AA4C3A2D0}.Debug|x64.Deploy.0 = Debug|x64
		{1776DE98-EE0C-47FA-BB6F-B50AA4C3A2D0}.Debug|x86.ActiveCfg = Debug|Win32
		{1776DE98-EE0C-47FA-BB6F-B50AA4C3A2D0}.Debug|x86.Build.0 = Debug|Win32
		{1776DE98-EE0C-47FA-BB6F-B50AA4C3A2D0}.Debug|x86.Deploy.0 = Debug|Win32
		{1776DE98-EE0C-47FA-BB6F-B50AA4C3A2D0}.Release|ARM64.ActiveCfg = Release|ARM64
		{1776DE98-EE0C-47FA-BB6F-B50AA4C3A2D0}.Release|ARM64.Build.0 = Release|ARM64
		{1776DE98-EE0C-47FA-BB6F-B50AA4C3A2D0}.Release|ARM64.Deploy.0 = Release|ARM64
		{1776DE98-EE0C-47FA-BB6F-B50AA4C3A2D0}.Release|x64.ActiveCfg = Release|x64
		{1776DE98-EE0C-47FA-BB6F-B50AA4C3A2D0}.Release|x64.Build.0 = Release|x64
		{1776DE98-EE0C-47FA-BB6F-B50AA4C3A2D0}.Release|x64.Deploy.0 = Release|x64
		{1776DE98-EE0C-47FA-BB6F-B50AA4C3A2D0}.Release|x86.ActiveCfg = Release|Win32
		{1776DE98-EE0C-47FA-BB6F-B50AA4C3A2D0}.Release|x86.Build.0 = Release|Win32
		{1776DE98-EE0C-47FA-BB6F-B50AA4C3A2D0}.Release|x86.Deploy.0 = Release|Win32
	EndGlobalSection
	GlobalSection(SolutionProperties) = preSolution
		HideSolutionNode = FALSE
	EndGlobalSection
	GlobalSection(ExtensibilityGlobals) = postSolution
		SolutionGuid = {C8DFF362-DC5D-43A6-9464-FDADBA64DF6E}
	EndGlobalSection
EndGlobal
